{
    "name": "filament",
    "lockfileVersion": 2,
    "requires": true,
    "packages": {
        "": {
            "devDependencies": {
                "@babel/runtime": "^7.15.3",
                "@github/file-attachment-element": "^2.0.1",
                "@github/markdown-toolbar-element": "^1.5.1",
                "dayjs": "^1.10.6",
                "esbuild": "^0.12.16",
                "filepond": "^4.28.2",
                "filepond-plugin-file-validate-size": "^2.2.4",
                "filepond-plugin-file-validate-type": "^1.2.6",
                "filepond-plugin-image-crop": "^2.0.6",
                "filepond-plugin-image-exif-orientation": "^1.0.11",
                "filepond-plugin-image-preview": "^4.6.7",
                "filepond-plugin-image-resize": "^2.0.10",
                "filepond-plugin-image-transform": "^3.8.6",
                "imask": "^6.1.0",
                "marked": "^3.0.0",
                "mdhl": "^0.0.6",
                "trix": "^1.3.1"
            }
        },
        "node_modules/@babel/runtime": {
            "version": "7.15.4",
            "resolved": "https://registry.npmjs.org/@babel/runtime/-/runtime-7.15.4.tgz",
            "integrity": "sha512-99catp6bHCaxr4sJ/DbTGgHS4+Rs2RVd2g7iOap6SLGPDknRK9ztKNsE/Fg6QhSeh1FGE5f6gHGQmvvn3I3xhw==",
            "dev": true,
            "dependencies": {
                "regenerator-runtime": "^0.13.4"
            },
            "engines": {
                "node": ">=6.9.0"
            }
        },
        "node_modules/@github/file-attachment-element": {
            "version": "2.0.1",
            "resolved": "https://registry.npmjs.org/@github/file-attachment-element/-/file-attachment-element-2.0.1.tgz",
            "integrity": "sha512-GQUgDPZeuE9xco4GbReAKFvtOFe9js+yctSrSYUSTGeD3N4xO2kX2MvaEiQRuVkERFgGPD9r57CLbbUoyJBn2Q==",
            "dev": true
        },
        "node_modules/@github/markdown-toolbar-element": {
            "version": "1.5.3",
            "resolved": "https://registry.npmjs.org/@github/markdown-toolbar-element/-/markdown-toolbar-element-1.5.3.tgz",
            "integrity": "sha512-fNgAuHBWWzqxMvkTMM7ijqPryLmnPVOi4OWp8YyUC74YgtJCRvQyL7gl9SzNLMXmGQxiRVIYbUJxa61X1oRObw==",
            "dev": true
        },
        "node_modules/dayjs": {
            "version": "1.10.7",
            "resolved": "https://registry.npmjs.org/dayjs/-/dayjs-1.10.7.tgz",
            "integrity": "sha512-P6twpd70BcPK34K26uJ1KT3wlhpuOAPoMwJzpsIWUxHZ7wpmbdZL/hQqBDfz7hGurYSa5PhzdhDHtt319hL3ig==",
            "dev": true
        },
        "node_modules/esbuild": {
            "version": "0.12.29",
            "resolved": "https://registry.npmjs.org/esbuild/-/esbuild-0.12.29.tgz",
            "integrity": "sha512-w/XuoBCSwepyiZtIRsKsetiLDUVGPVw1E/R3VTFSecIy8UR7Cq3SOtwKHJMFoVqqVG36aGkzh4e8BvpO1Fdc7g==",
            "dev": true,
            "hasInstallScript": true,
            "bin": {
                "esbuild": "bin/esbuild"
            }
        },
        "node_modules/filepond": {
            "version": "4.30.3",
            "resolved": "https://registry.npmjs.org/filepond/-/filepond-4.30.3.tgz",
            "integrity": "sha512-G2b1LEe90Sq2vH0SYDASTB+vVU735NBctzIaFPlZtb14QAgi/AL89WyQ6LhTfqgyrMyuZur2O9yHAmzS2E9ZnA==",
            "dev": true
        },
        "node_modules/filepond-plugin-file-validate-size": {
            "version": "2.2.5",
            "resolved": "https://registry.npmjs.org/filepond-plugin-file-validate-size/-/filepond-plugin-file-validate-size-2.2.5.tgz",
            "integrity": "sha512-x+fYZl317R17w3dExKab1oYZa10Wl2HcXKD6dzIgRKyngEHtjBF99geGaiDPk9IfozV8Zjzx69D7urcthF2CYQ==",
            "dev": true,
            "peerDependencies": {
                "filepond": ">=3.1.2 <5.x"
            }
        },
        "node_modules/filepond-plugin-file-validate-type": {
            "version": "1.2.6",
            "resolved": "https://registry.npmjs.org/filepond-plugin-file-validate-type/-/filepond-plugin-file-validate-type-1.2.6.tgz",
            "integrity": "sha512-3JFxpb4o5D4BssP/Drjn2GPpejg/QXzU4e3/Pq8IvIJuokHz95b6+RPYstQ+6ITKREYup0N8F/CO/OQfhVkUgg==",
            "dev": true,
            "peerDependencies": {
                "filepond": ">=1.x <5.x"
            }
        },
        "node_modules/filepond-plugin-image-crop": {
            "version": "2.0.6",
            "resolved": "https://registry.npmjs.org/filepond-plugin-image-crop/-/filepond-plugin-image-crop-2.0.6.tgz",
            "integrity": "sha512-bSy/KND4EP/QtW8MxIj23qgSEPUVRrT8XdktJ+OU9y8xRjFjTG+qcuw1LsycARQYRtzi8cZrD3P4POOITfkywQ==",
            "dev": true,
            "peerDependencies": {
                "filepond": ">=3.x <5.x"
            }
        },
        "node_modules/filepond-plugin-image-exif-orientation": {
            "version": "1.0.11",
            "resolved": "https://registry.npmjs.org/filepond-plugin-image-exif-orientation/-/filepond-plugin-image-exif-orientation-1.0.11.tgz",
            "integrity": "sha512-hLBc12Fk6Zkj3L8mSAn+elugHOqT5rLUbgVXQQIQjMe0FsGjtpoxqeVR6jt4IWHGat2L9sFAgU2TGmd1mqosCg==",
            "dev": true,
            "peerDependencies": {
                "filepond": ">=3.x <5.x"
            }
        },
        "node_modules/filepond-plugin-image-preview": {
            "version": "4.6.10",
            "resolved": "https://registry.npmjs.org/filepond-plugin-image-preview/-/filepond-plugin-image-preview-4.6.10.tgz",
            "integrity": "sha512-C7Q5Sr/d4RQb2nMNQR93OiMt91OHxpvmIBGl+CO1dZE46lM49NUfI08dyElAOxTslDcA8pAfjFFCKo0sNYbrBg==",
            "dev": true,
            "peerDependencies": {
                "filepond": ">=4.x <5.x"
            }
        },
        "node_modules/filepond-plugin-image-resize": {
            "version": "2.0.10",
            "resolved": "https://registry.npmjs.org/filepond-plugin-image-resize/-/filepond-plugin-image-resize-2.0.10.tgz",
            "integrity": "sha512-irX+J275u8Ph1KcciCeSQmxeFjbu0+co5XVCkiwdSNnz6KiqrCKN7RXTvEbdgSdDzyi5omr2oP1rKWps5L1RsQ==",
            "dev": true,
            "peerDependencies": {
                "filepond": ">=3.x <5.x"
            }
        },
        "node_modules/filepond-plugin-image-transform": {
            "version": "3.8.7",
            "resolved": "https://registry.npmjs.org/filepond-plugin-image-transform/-/filepond-plugin-image-transform-3.8.7.tgz",
            "integrity": "sha512-vgKwyIDG2y5twanf7YpqZvxkaLudTjwd9vRcoq5sQDB8egUlX5/NA0bQ0823pocrm0fjbFeetICu44mkqeDkIA==",
            "dev": true,
            "peerDependencies": {
                "filepond": ">=3.6.0 <5.x"
            }
        },
        "node_modules/imask": {
            "version": "6.2.2",
            "resolved": "https://registry.npmjs.org/imask/-/imask-6.2.2.tgz",
            "integrity": "sha512-oREITqngsjD0YxO62UpVQSxLNjIcb/mNO9hX2F8xQ282Kj3X9KXEAobipbUXz5R5NgtiL6nOPrWwo+AnLuz5AQ==",
            "dev": true,
            "engines": {
                "npm": ">=4.0.0"
            }
        },
        "node_modules/marked": {
            "version": "3.0.7",
            "resolved": "https://registry.npmjs.org/marked/-/marked-3.0.7.tgz",
            "integrity": "sha512-ctKqbnLuNbsHbI26cfMyOlKgXGfl1orOv1AvWWDX7AkgfMOwCWvmuYc+mVLeWhQ9W6hdWVBynOs96VkcscKo0Q==",
            "dev": true,
            "bin": {
                "marked": "bin/marked"
            },
            "engines": {
                "node": ">= 12"
            }
        },
        "node_modules/mdhl": {
            "version": "0.0.6",
            "resolved": "https://registry.npmjs.org/mdhl/-/mdhl-0.0.6.tgz",
            "integrity": "sha512-dY0ld/laPE9+9aq7LwGhg+zME0autnOR0juhf6AA/Njs0/awITgbxmUD/cHq8y07bV9j1JQbYM1RnLqhFym5KA==",
            "dev": true,
            "engines": {
                "node": ">=12.17.0"
            }
        },
        "node_modules/regenerator-runtime": {
            "version": "0.13.9",
            "resolved": "https://registry.npmjs.org/regenerator-runtime/-/regenerator-runtime-0.13.9.tgz",
            "integrity": "sha512-p3VT+cOEgxFsRRA9X4lkI1E+k2/CtnKtU4gcxyaCUreilL/vqI6CdZ3wxVUx3UOUg+gnUOQQcRI7BmSI656MYA==",
            "dev": true
        },
        "node_modules/trix": {
            "version": "1.3.1",
            "resolved": "https://registry.npmjs.org/trix/-/trix-1.3.1.tgz",
            "integrity": "sha512-BbH6mb6gk+AV4f2as38mP6Ucc1LE3OD6XxkZnAgPIduWXYtvg2mI3cZhIZSLqmMh9OITEpOBCCk88IVmyjU7bA==",
            "dev": true
        }
    },
    "dependencies": {
        "@babel/runtime": {
            "version": "7.15.4",
            "resolved": "https://registry.npmjs.org/@babel/runtime/-/runtime-7.15.4.tgz",
            "integrity": "sha512-99catp6bHCaxr4sJ/DbTGgHS4+Rs2RVd2g7iOap6SLGPDknRK9ztKNsE/Fg6QhSeh1FGE5f6gHGQmvvn3I3xhw==",
            "dev": true,
            "requires": {
                "regenerator-runtime": "^0.13.4"
            }
        },
        "@github/file-attachment-element": {
            "version": "2.0.1",
            "resolved": "https://registry.npmjs.org/@github/file-attachment-element/-/file-attachment-element-2.0.1.tgz",
            "integrity": "sha512-GQUgDPZeuE9xco4GbReAKFvtOFe9js+yctSrSYUSTGeD3N4xO2kX2MvaEiQRuVkERFgGPD9r57CLbbUoyJBn2Q==",
            "dev": true
        },
        "@github/markdown-toolbar-element": {
            "version": "1.5.3",
            "resolved": "https://registry.npmjs.org/@github/markdown-toolbar-element/-/markdown-toolbar-element-1.5.3.tgz",
            "integrity": "sha512-fNgAuHBWWzqxMvkTMM7ijqPryLmnPVOi4OWp8YyUC74YgtJCRvQyL7gl9SzNLMXmGQxiRVIYbUJxa61X1oRObw==",
            "dev": true
        },
        "dayjs": {
            "version": "1.10.7",
            "resolved": "https://registry.npmjs.org/dayjs/-/dayjs-1.10.7.tgz",
            "integrity": "sha512-P6twpd70BcPK34K26uJ1KT3wlhpuOAPoMwJzpsIWUxHZ7wpmbdZL/hQqBDfz7hGurYSa5PhzdhDHtt319hL3ig==",
            "dev": true
        },
        "esbuild": {
            "version": "0.12.29",
            "resolved": "https://registry.npmjs.org/esbuild/-/esbuild-0.12.29.tgz",
            "integrity": "sha512-w/XuoBCSwepyiZtIRsKsetiLDUVGPVw1E/R3VTFSecIy8UR7Cq3SOtwKHJMFoVqqVG36aGkzh4e8BvpO1Fdc7g==",
            "dev": true
        },
        "filepond": {
            "version": "4.30.3",
            "resolved": "https://registry.npmjs.org/filepond/-/filepond-4.30.3.tgz",
            "integrity": "sha512-G2b1LEe90Sq2vH0SYDASTB+vVU735NBctzIaFPlZtb14QAgi/AL89WyQ6LhTfqgyrMyuZur2O9yHAmzS2E9ZnA==",
            "dev": true
        },
        "filepond-plugin-file-validate-size": {
            "version": "2.2.5",
            "resolved": "https://registry.npmjs.org/filepond-plugin-file-validate-size/-/filepond-plugin-file-validate-size-2.2.5.tgz",
            "integrity": "sha512-x+fYZl317R17w3dExKab1oYZa10Wl2HcXKD6dzIgRKyngEHtjBF99geGaiDPk9IfozV8Zjzx69D7urcthF2CYQ==",
            "dev": true,
            "requires": {}
        },
        "filepond-plugin-file-validate-type": {
            "version": "1.2.6",
            "resolved": "https://registry.npmjs.org/filepond-plugin-file-validate-type/-/filepond-plugin-file-validate-type-1.2.6.tgz",
            "integrity": "sha512-3JFxpb4o5D4BssP/Drjn2GPpejg/QXzU4e3/Pq8IvIJuokHz95b6+RPYstQ+6ITKREYup0N8F/CO/OQfhVkUgg==",
            "dev": true,
            "requires": {}
        },
        "filepond-plugin-image-crop": {
            "version": "2.0.6",
            "resolved": "https://registry.npmjs.org/filepond-plugin-image-crop/-/filepond-plugin-image-crop-2.0.6.tgz",
            "integrity": "sha512-bSy/KND4EP/QtW8MxIj23qgSEPUVRrT8XdktJ+OU9y8xRjFjTG+qcuw1LsycARQYRtzi8cZrD3P4POOITfkywQ==",
            "dev": true,
            "requires": {}
        },
        "filepond-plugin-image-exif-orientation": {
            "version": "1.0.11",
            "resolved": "https://registry.npmjs.org/filepond-plugin-image-exif-orientation/-/filepond-plugin-image-exif-orientation-1.0.11.tgz",
            "integrity": "sha512-hLBc12Fk6Zkj3L8mSAn+elugHOqT5rLUbgVXQQIQjMe0FsGjtpoxqeVR6jt4IWHGat2L9sFAgU2TGmd1mqosCg==",
            "dev": true,
            "requires": {}
        },
        "filepond-plugin-image-preview": {
            "version": "4.6.10",
            "resolved": "https://registry.npmjs.org/filepond-plugin-image-preview/-/filepond-plugin-image-preview-4.6.10.tgz",
            "integrity": "sha512-C7Q5Sr/d4RQb2nMNQR93OiMt91OHxpvmIBGl+CO1dZE46lM49NUfI08dyElAOxTslDcA8pAfjFFCKo0sNYbrBg==",
            "dev": true,
            "requires": {}
        },
        "filepond-plugin-image-resize": {
            "version": "2.0.10",
            "resolved": "https://registry.npmjs.org/filepond-plugin-image-resize/-/filepond-plugin-image-resize-2.0.10.tgz",
            "integrity": "sha512-irX+J275u8Ph1KcciCeSQmxeFjbu0+co5XVCkiwdSNnz6KiqrCKN7RXTvEbdgSdDzyi5omr2oP1rKWps5L1RsQ==",
            "dev": true,
            "requires": {}
        },
        "filepond-plugin-image-transform": {
            "version": "3.8.7",
            "resolved": "https://registry.npmjs.org/filepond-plugin-image-transform/-/filepond-plugin-image-transform-3.8.7.tgz",
            "integrity": "sha512-vgKwyIDG2y5twanf7YpqZvxkaLudTjwd9vRcoq5sQDB8egUlX5/NA0bQ0823pocrm0fjbFeetICu44mkqeDkIA==",
            "dev": true,
            "requires": {}
        },
        "imask": {
            "version": "6.2.2",
            "resolved": "https://registry.npmjs.org/imask/-/imask-6.2.2.tgz",
            "integrity": "sha512-oREITqngsjD0YxO62UpVQSxLNjIcb/mNO9hX2F8xQ282Kj3X9KXEAobipbUXz5R5NgtiL6nOPrWwo+AnLuz5AQ==",
            "dev": true
        },
        "marked": {
            "version": "3.0.7",
            "resolved": "https://registry.npmjs.org/marked/-/marked-3.0.7.tgz",
            "integrity": "sha512-ctKqbnLuNbsHbI26cfMyOlKgXGfl1orOv1AvWWDX7AkgfMOwCWvmuYc+mVLeWhQ9W6hdWVBynOs96VkcscKo0Q==",
            "dev": true
        },
        "mdhl": {
            "version": "0.0.6",
            "resolved": "https://registry.npmjs.org/mdhl/-/mdhl-0.0.6.tgz",
            "integrity": "sha512-dY0ld/laPE9+9aq7LwGhg+zME0autnOR0juhf6AA/Njs0/awITgbxmUD/cHq8y07bV9j1JQbYM1RnLqhFym5KA==",
            "dev": true
        },
        "regenerator-runtime": {
            "version": "0.13.9",
            "resolved": "https://registry.npmjs.org/regenerator-runtime/-/regenerator-runtime-0.13.9.tgz",
            "integrity": "sha512-p3VT+cOEgxFsRRA9X4lkI1E+k2/CtnKtU4gcxyaCUreilL/vqI6CdZ3wxVUx3UOUg+gnUOQQcRI7BmSI656MYA==",
            "dev": true
        },
        "trix": {
            "version": "1.3.1",
            "resolved": "https://registry.npmjs.org/trix/-/trix-1.3.1.tgz",
            "integrity": "sha512-BbH6mb6gk+AV4f2as38mP6Ucc1LE3OD6XxkZnAgPIduWXYtvg2mI3cZhIZSLqmMh9OITEpOBCCk88IVmyjU7bA==",
            "dev": true
        }
    }
}
